
Microsoft Visual Studio Solution File, Format Version 12.00
# Visual Studio Version 17
VisualStudioVersion = 17.8.34601.278
MinimumVisualStudioVersion = 10.0.40219.1
Project("{9A19103F-16F7-4668-BE54-9A1E7A4F7556}") = "LibraryManagementSystem", "LibraryManagementSystem\LibraryManagementSystem.csproj", "{14F876AF-5ABC-48D7-9569-DD4DA986BCC0}"
EndProject
Global
	GlobalSection(SolutionConfigurationPlatforms) = preSolution
		Debug|Any CPU = Debug|Any CPU
		Release|Any CPU = Release|Any CPU
	EndGlobalSection
	GlobalSection(ProjectConfigurationPlatforms) = postSolution
		{14F876AF-5ABC-48D7-9569-DD4DA986BCC0}.Debug|Any CPU.ActiveCfg = Debug|Any CPU
		{14F876AF-5ABC-48D7-9569-DD4DA986BCC0}.Debug|Any CPU.Build.0 = Debug|Any CPU
		{14F876AF-5ABC-48D7-9569-DD4DA986BCC0}.Debug|Any CPU.Deploy.0 = Debug|Any CPU
		{14F876AF-5ABC-48D7-9569-DD4DA986BCC0}.Release|Any CPU.ActiveCfg = Release|Any CPU
		{14F876AF-5ABC-48D7-9569-DD4DA986BCC0}.Release|Any CPU.Build.0 = Release|Any CPU
		{14F876AF-5ABC-48D7-9569-DD4DA986BCC0}.Release|Any CPU.Deploy.0 = Release|Any CPU
	EndGlobalSection
	GlobalSection(SolutionProperties) = preSolution
		HideSolutionNode = FALSE
	EndGlobalSection
	GlobalSection(ExtensibilityGlobals) = postSolution
		SolutionGuid = {28C03955-C605-4961-8F5C-0A4733E1B818}
	EndGlobalSection
EndGlobal
